
Microsoft Visual Studio Solution File, Format Version 12.00
# Visual Studio Version 17
VisualStudioVersion = 17.7.34018.315
MinimumVisualStudioVersion = 10.0.40219.1
Project("{FAE04EC0-301F-11D3-BF4B-00C04F79EFBC}") = "WinFormsApp2", "WinFormsApp2.csproj", "{87B9F061-E496-4126-88C7-3FD39BC5ABC1}"
EndProject
Global
	GlobalSection(SolutionConfigurationPlatforms) = preSolution
		Debug|Any CPU = Debug|Any CPU
		Release|Any CPU = Release|Any CPU
	EndGlobalSection
	GlobalSection(ProjectConfigurationPlatforms) = postSolution
		{87B9F061-E496-4126-88C7-3FD39BC5ABC1}.Debug|Any CPU.ActiveCfg = Debug|Any CPU
		{87B9F061-E496-4126-88C7-3FD39BC5ABC1}.Debug|Any CPU.Build.0 = Debug|Any CPU
		{87B9F061-E496-4126-88C7-3FD39BC5ABC1}.Release|Any CPU.ActiveCfg = Release|Any CPU
		{87B9F061-E496-4126-88C7-3FD39BC5ABC1}.Release|Any CPU.Build.0 = Release|Any CPU
	EndGlobalSection
	GlobalSection(SolutionProperties) = preSolution
		HideSolutionNode = FALSE
	EndGlobalSection
	GlobalSection(ExtensibilityGlobals) = postSolution
		SolutionGuid = {264AD617-D164-48C0-9E7E-CF6A61D1E25D}
	EndGlobalSection
EndGlobal
